
Microsoft Visual Studio Solution File, Format Version 12.00
# Visual Studio Version 17
VisualStudioVersion = 17.13.35825.156 d17.13
MinimumVisualStudioVersion = 10.0.40219.1
Project("{FAE04EC0-301F-11D3-BF4B-00C04F79EFBC}") = "SQl", "SQl.csproj", "{89A70A6B-C389-4F84-A5DE-C1CF3314F22F}"
EndProject
Global
	GlobalSection(SolutionConfigurationPlatforms) = preSolution
		Debug|Any CPU = Debug|Any CPU
		Release|Any CPU = Release|Any CPU
	EndGlobalSection
	GlobalSection(ProjectConfigurationPlatforms) = postSolution
		{89A70A6B-C389-4F84-A5DE-C1CF3314F22F}.Debug|Any CPU.ActiveCfg = Debug|Any CPU
		{89A70A6B-C389-4F84-A5DE-C1CF3314F22F}.Debug|Any CPU.Build.0 = Debug|Any CPU
		{89A70A6B-C389-4F84-A5DE-C1CF3314F22F}.Release|Any CPU.ActiveCfg = Release|Any CPU
		{89A70A6B-C389-4F84-A5DE-C1CF3314F22F}.Release|Any CPU.Build.0 = Release|Any CPU
	EndGlobalSection
	GlobalSection(SolutionProperties) = preSolution
		HideSolutionNode = FALSE
	EndGlobalSection
	GlobalSection(ExtensibilityGlobals) = postSolution
		SolutionGuid = {6B6A3693-2F1E-4DDD-BCE6-0046ECCC8F1C}
	EndGlobalSection
EndGlobal
